
Microsoft Visual Studio Solution File, Format Version 12.00
# Visual Studio Version 17
VisualStudioVersion = 17.13.36105.23
MinimumVisualStudioVersion = 10.0.40219.1
Project("{FAE04EC0-301F-11D3-BF4B-00C04F79EFBC}") = "BezorgerApp", "BezorgerApp\BezorgerApp.csproj", "{D2269B77-45D3-4BC5-B944-88D8F6E8F690}"
EndProject
Global
	GlobalSection(SolutionConfigurationPlatforms) = preSolution
		Debug|Any CPU = Debug|Any CPU
		Release|Any CPU = Release|Any CPU
	EndGlobalSection
	GlobalSection(ProjectConfigurationPlatforms) = postSolution
		{D2269B77-45D3-4BC5-B944-88D8F6E8F690}.Debug|Any CPU.ActiveCfg = Debug|Any CPU
		{D2269B77-45D3-4BC5-B944-88D8F6E8F690}.Debug|Any CPU.Build.0 = Debug|Any CPU
		{D2269B77-45D3-4BC5-B944-88D8F6E8F690}.Debug|Any CPU.Deploy.0 = Debug|Any CPU
		{D2269B77-45D3-4BC5-B944-88D8F6E8F690}.Release|Any CPU.ActiveCfg = Release|Any CPU
		{D2269B77-45D3-4BC5-B944-88D8F6E8F690}.Release|Any CPU.Build.0 = Release|Any CPU
	EndGlobalSection
	GlobalSection(SolutionProperties) = preSolution
		HideSolutionNode = FALSE
	EndGlobalSection
	GlobalSection(ExtensibilityGlobals) = postSolution
		SolutionGuid = {E49EE068-1548-4CCC-945A-6B1C1B68CA27}
	EndGlobalSection
EndGlobal
